
Microsoft Visual Studio Solution File, Format Version 12.00
# Visual Studio Version 17
VisualStudioVersion = 17.13.35825.156 d17.13
MinimumVisualStudioVersion = 10.0.40219.1
Project("{FAE04EC0-301F-11D3-BF4B-00C04F79EFBC}") = "FriendsSociety.Shaurya", "FriendsSociety.Shaurya\FriendsSociety.Shaurya.csproj", "{48D58F55-997A-42FF-B8E3-5CAF0A885E16}"
EndProject
Global
	GlobalSection(SolutionConfigurationPlatforms) = preSolution
		Debug|Any CPU = Debug|Any CPU
		Release|Any CPU = Release|Any CPU
	EndGlobalSection
	GlobalSection(ProjectConfigurationPlatforms) = postSolution
		{48D58F55-997A-42FF-B8E3-5CAF0A885E16}.Debug|Any CPU.ActiveCfg = Debug|Any CPU
		{48D58F55-997A-42FF-B8E3-5CAF0A885E16}.Debug|Any CPU.Build.0 = Debug|Any CPU
		{48D58F55-997A-42FF-B8E3-5CAF0A885E16}.Release|Any CPU.ActiveCfg = Release|Any CPU
		{48D58F55-997A-42FF-B8E3-5CAF0A885E16}.Release|Any CPU.Build.0 = Release|Any CPU
	EndGlobalSection
	GlobalSection(SolutionProperties) = preSolution
		HideSolutionNode = FALSE
	EndGlobalSection
	GlobalSection(ExtensibilityGlobals) = postSolution
		SolutionGuid = {12A58A2C-E98B-4BC2-9C39-112D8D438258}
	EndGlobalSection
EndGlobal
